
Microsoft Visual Studio Solution File, Format Version 12.00
# Visual Studio Version 17
VisualStudioVersion = 17.2.32630.192
MinimumVisualStudioVersion = 10.0.40219.1
Project("{9A19103F-16F7-4668-BE54-9A1E7A4F7556}") = "LevelUp.CsharpJuniors.Tasks.Lesson2", "LevelUp.CsharpJuniors.Tasks.Lesson2\LevelUp.CsharpJuniors.Tasks.Lesson2.csproj", "{22395C28-7E61-41E9-8070-F6361425C69F}"
EndProject
Project("{FAE04EC0-301F-11D3-BF4B-00C04F79EFBC}") = "LevelUp.CsharpJuniors.Tasks.Lesson3", "LevelUp.CsharpJuniors.Tasks.Lesson3\LevelUp.CsharpJuniors.Tasks.Lesson3.csproj", "{4CFEE687-4768-433D-8E95-8F15F3271986}"
EndProject
Project("{FAE04EC0-301F-11D3-BF4B-00C04F79EFBC}") = "LevelUp.CsharpJuniors.Tasks.Lesson4", "LevelUp.CsharpJuniors.Tasks.Lesson4\LevelUp.CsharpJuniors.Tasks.Lesson4.csproj", "{C6D1B386-6A02-4E69-AA15-0756468B7B96}"
EndProject
Project("{FAE04EC0-301F-11D3-BF4B-00C04F79EFBC}") = "LevelUp.CsharpJuniors.Tasks.Lesson5", "LevelUp.CsharpJuniors.Tasks.Lesson5\LevelUp.CsharpJuniors.Tasks.Lesson5.csproj", "{625BDE90-4F51-42C7-937C-1CA475D44ACE}"
EndProject
Project("{FAE04EC0-301F-11D3-BF4B-00C04F79EFBC}") = "LevelUp.CsharpJuniors.Tasks.Lesson7", "LevelUp.CsharpJuniors.Tasks.Lesson7\LevelUp.CsharpJuniors.Tasks.Lesson7.csproj", "{2E2F0FB0-D8C9-4C98-8B5B-E62DDB330FED}"
EndProject
Project("{2150E333-8FDC-42A3-9474-1A3956D46DE8}") = "StoreProject", "StoreProject", "{8219DAB1-C61F-4A3D-AFBD-7C202708252B}"
EndProject
Project("{FAE04EC0-301F-11D3-BF4B-00C04F79EFBC}") = "SimpleStore.Api", "SimpleStore.Api\SimpleStore.Api.csproj", "{6CFEDD05-CC52-413D-BC21-ED88B10DBCF2}"
EndProject
Global
	GlobalSection(SolutionConfigurationPlatforms) = preSolution
		Debug|Any CPU = Debug|Any CPU
		Release|Any CPU = Release|Any CPU
	EndGlobalSection
	GlobalSection(ProjectConfigurationPlatforms) = postSolution
		{22395C28-7E61-41E9-8070-F6361425C69F}.Debug|Any CPU.ActiveCfg = Debug|Any CPU
		{22395C28-7E61-41E9-8070-F6361425C69F}.Debug|Any CPU.Build.0 = Debug|Any CPU
		{22395C28-7E61-41E9-8070-F6361425C69F}.Release|Any CPU.ActiveCfg = Release|Any CPU
		{22395C28-7E61-41E9-8070-F6361425C69F}.Release|Any CPU.Build.0 = Release|Any CPU
		{4CFEE687-4768-433D-8E95-8F15F3271986}.Debug|Any CPU.ActiveCfg = Debug|Any CPU
		{4CFEE687-4768-433D-8E95-8F15F3271986}.Debug|Any CPU.Build.0 = Debug|Any CPU
		{4CFEE687-4768-433D-8E95-8F15F3271986}.Release|Any CPU.ActiveCfg = Release|Any CPU
		{4CFEE687-4768-433D-8E95-8F15F3271986}.Release|Any CPU.Build.0 = Release|Any CPU
		{C6D1B386-6A02-4E69-AA15-0756468B7B96}.Debug|Any CPU.ActiveCfg = Debug|Any CPU
		{C6D1B386-6A02-4E69-AA15-0756468B7B96}.Debug|Any CPU.Build.0 = Debug|Any CPU
		{C6D1B386-6A02-4E69-AA15-0756468B7B96}.Release|Any CPU.ActiveCfg = Release|Any CPU
		{C6D1B386-6A02-4E69-AA15-0756468B7B96}.Release|Any CPU.Build.0 = Release|Any CPU
		{625BDE90-4F51-42C7-937C-1CA475D44ACE}.Debug|Any CPU.ActiveCfg = Debug|Any CPU
		{625BDE90-4F51-42C7-937C-1CA475D44ACE}.Debug|Any CPU.Build.0 = Debug|Any CPU
		{625BDE90-4F51-42C7-937C-1CA475D44ACE}.Release|Any CPU.ActiveCfg = Release|Any CPU
		{625BDE90-4F51-42C7-937C-1CA475D44ACE}.Release|Any CPU.Build.0 = Release|Any CPU
		{2E2F0FB0-D8C9-4C98-8B5B-E62DDB330FED}.Debug|Any CPU.ActiveCfg = Debug|Any CPU
		{2E2F0FB0-D8C9-4C98-8B5B-E62DDB330FED}.Debug|Any CPU.Build.0 = Debug|Any CPU
		{2E2F0FB0-D8C9-4C98-8B5B-E62DDB330FED}.Release|Any CPU.ActiveCfg = Release|Any CPU
		{2E2F0FB0-D8C9-4C98-8B5B-E62DDB330FED}.Release|Any CPU.Build.0 = Release|Any CPU
		{6CFEDD05-CC52-413D-BC21-ED88B10DBCF2}.Debug|Any CPU.ActiveCfg = Debug|Any CPU
		{6CFEDD05-CC52-413D-BC21-ED88B10DBCF2}.Debug|Any CPU.Build.0 = Debug|Any CPU
		{6CFEDD05-CC52-413D-BC21-ED88B10DBCF2}.Release|Any CPU.ActiveCfg = Release|Any CPU
		{6CFEDD05-CC52-413D-BC21-ED88B10DBCF2}.Release|Any CPU.Build.0 = Release|Any CPU
	EndGlobalSection
	GlobalSection(SolutionProperties) = preSolution
		HideSolutionNode = FALSE
	EndGlobalSection
	GlobalSection(ExtensibilityGlobals) = postSolution
		SolutionGuid = {FC05925A-3B25-44E5-870C-AA2A5D7A798E}
	EndGlobalSection
	GlobalSection(NestedProjects) = preSolution
		{6CFEDD05-CC52-413D-BC21-ED88B10DBCF2} = {8219DAB1-C61F-4A3D-AFBD-7C202708252B}
	EndGlobalSection
EndGlobal
